
Microsoft Visual Studio Solution File, Format Version 12.00
# Visual Studio 15
VisualStudioVersion = 15.0.28010.2050
MinimumVisualStudioVersion = 10.0.40219.1
Project("{FAE04EC0-301F-11D3-BF4B-00C04F79EFBC}") = "OML Utilities", "OML Utilities\OML Utilities.csproj", "{8BB3D0D7-A556-44B4-9676-735FE1031EE8}"
EndProject
Global
	GlobalSection(SolutionConfigurationPlatforms) = preSolution
		Debug|Any CPU = Debug|Any CPU
		Release|Any CPU = Release|Any CPU
	EndGlobalSection
	GlobalSection(ProjectConfigurationPlatforms) = postSolution
		{8BB3D0D7-A556-44B4-9676-735FE1031EE8}.Debug|Any CPU.ActiveCfg = Debug|Any CPU
		{8BB3D0D7-A556-44B4-9676-735FE1031EE8}.Debug|Any CPU.Build.0 = Debug|Any CPU
		{8BB3D0D7-A556-44B4-9676-735FE1031EE8}.Release|Any CPU.ActiveCfg = Release|Any CPU
		{8BB3D0D7-A556-44B4-9676-735FE1031EE8}.Release|Any CPU.Build.0 = Release|Any CPU
	EndGlobalSection
	GlobalSection(SolutionProperties) = preSolution
		HideSolutionNode = FALSE
	EndGlobalSection
	GlobalSection(ExtensibilityGlobals) = postSolution
		SolutionGuid = {6A7B6180-D97C-42D4-A58D-68E169F387F1}
	EndGlobalSection
EndGlobal
